# This file is automatically @generated by Cargo.
# It is not intended for manual editing.
version = 4

[[package]]
name = "galvani-extract"
version = "0.1.0"

[[package]]
name = "galvani-ir"
version = "0.1.0"

[[package]]
name = "galvani-mcu"
version = "0.1.0"

[[package]]
name = "galvani-models"
version = "0.1.0"

[[package]]
name = "galvani-server"
version = "0.1.0"

[[package]]
name = "galvani-solve"
version = "0.1.0"
