{
  "lockfileVersion": 1,
  "workspaces": {
    "": {
      "name": "hauksbee-diagrams",
      "dependencies": {
        "elkjs": "0.11.0",
      },
    },
  },
  "packages": {
    "elkjs": ["elkjs@0.11.0", "", {}, "sha512-u4J8h9mwEDaYMqo0RYJpqNMFDoMK7f+pu4GjcV+N8jIC7TRdORgzkfSjTJemhqONFfH6fBI3wpysgWbhgVWIXw=="],
  }
}
